// !$*UTF8*$!
{
	archiveVersion = 1;
	classes = {
	};
	objectVersion = 50;
	objects = {

/* Begin PBXBuildFile section */
		DD53060B24244DF700E13711 /* AppDelegate.swift in Sources */ = {isa = PBXBuildFile; fileRef = DD53060A24244DF700E13711 /* AppDelegate.swift */; };
		DD53060D24244DF700E13711 /* SceneDelegate.swift in Sources */ = {isa = PBXBuildFile; fileRef = DD53060C24244DF700E13711 /* SceneDelegate.swift */; };
		DD53060F24244DF700E13711 /* ContentView.swift in Sources */ = {isa = PBXBuildFile; fileRef = DD53060E24244DF700E13711 /* ContentView.swift */; };
		DD53061124244DFB00E13711 /* Assets.xcassets in Resources */ = {isa = PBXBuildFile; fileRef = DD53061024244DFB00E13711 /* Assets.xcassets */; };
		DD53061424244DFB00E13711 /* Preview Assets.xcassets in Resources */ = {isa = PBXBuildFile; fileRef = DD53061324244DFB00E13711 /* Preview Assets.xcassets */; };
		DD53061724244DFB00E13711 /* LaunchScreen.storyboard in Resources */ = {isa = PBXBuildFile; fileRef = DD53061524244DFB00E13711 /* LaunchScreen.storyboard */; };
/* End PBXBuildFile section */

/* Begin PBXFileReference section */
		DD53060724244DF700E13711 /* SwiftUIHanda's Surprise.app */ = {isa = PBXFileReference; explicitFileType = wrapper.application; includeInIndex = 0; path = "SwiftUIHanda's Surprise.app"; sourceTree = BUILT_PRODUCTS_DIR; };
		DD53060A24244DF700E13711 /* AppDelegate.swift */ = {isa = PBXFileReference; lastKnownFileType = sourcecode.swift; path = AppDelegate.swift; sourceTree = "<group>"; };
		DD53060C24244DF700E13711 /* SceneDelegate.swift */ = {isa = PBXFileReference; lastKnownFileType = sourcecode.swift; path = SceneDelegate.swift; sourceTree = "<group>"; };
		DD53060E24244DF700E13711 /* ContentView.swift */ = {isa = PBXFileReference; lastKnownFileType = sourcecode.swift; path = ContentView.swift; sourceTree = "<group>"; };
		DD53061024244DFB00E13711 /* Assets.xcassets */ = {isa = PBXFileReference; lastKnownFileType = folder.assetcatalog; path = Assets.xcassets; sourceTree = "<group>"; };
		DD53061324244DFB00E13711 /* Preview Assets.xcassets */ = {isa = PBXFileReference; lastKnownFileType = folder.assetcatalog; path = "Preview Assets.xcassets"; sourceTree = "<group>"; };
		DD53061624244DFB00E13711 /* Base */ = {isa = PBXFileReference; lastKnownFileType = file.storyboard; name = Base; path = Base.lproj/LaunchScreen.storyboard; sourceTree = "<group>"; };
		DD53061824244DFB00E13711 /* Info.plist */ = {isa = PBXFileReference; lastKnownFileType = text.plist.xml; path = Info.plist; sourceTree = "<group>"; };
/* End PBXFileReference section */

/* Begin PBXFrameworksBuildPhase section */
		DD53060424244DF700E13711 /* Frameworks */ = {
			isa = PBXFrameworksBuildPhase;
			buildActionMask = 2147483647;
			files = (
			);
			runOnlyForDeploymentPostprocessing = 0;
		};
/* End PBXFrameworksBuildPhase section */

/* Begin PBXGroup section */
		DD5305FE24244DF700E13711 = {
			isa = PBXGroup;
			children = (
				DD53060924244DF700E13711 /* SwiftUIHanda's Surprise */,
				DD53060824244DF700E13711 /* Products */,
			);
			sourceTree = "<group>";
		};
		DD53060824244DF700E13711 /* Products */ = {
			isa = PBXGroup;
			children = (
				DD53060724244DF700E13711 /* SwiftUIHanda's Surprise.app */,
			);
			name = Products;
			sourceTree = "<group>";
		};
		DD53060924244DF700E13711 /* SwiftUIHanda's Surprise */ = {
			isa = PBXGroup;
			children = (
				DD53060A24244DF700E13711 /* AppDelegate.swift */,
				DD53060C24244DF700E13711 /* SceneDelegate.swift */,
				DD53060E24244DF700E13711 /* ContentView.swift */,
				DD53061024244DFB00E13711 /* Assets.xcassets */,
				DD53061524244DFB00E13711 /* LaunchScreen.storyboard */,
				DD53061824244DFB00E13711 /* Info.plist */,
				DD53061224244DFB00E13711 /* Preview Content */,
			);
			path = "SwiftUIHanda's Surprise";
			sourceTree = "<group>";
		};
		DD53061224244DFB00E13711 /* Preview Content */ = {
			isa = PBXGroup;
			children = (
				DD53061324244DFB00E13711 /* Preview Assets.xcassets */,
			);
			path = "Preview Content";
			sourceTree = "<group>";
		};
/* End PBXGroup section */

/* Begin PBXNativeTarget section */
		DD53060624244DF700E13711 /* SwiftUIHanda's Surprise */ = {
			isa = PBXNativeTarget;
			buildConfigurationList = DD53061B24244DFB00E13711 /* Build configuration list for PBXNativeTarget "SwiftUIHanda's Surprise" */;
			buildPhases = (
				DD53060324244DF700E13711 /* Sources */,
				DD53060424244DF700E13711 /* Frameworks */,
				DD53060524244DF700E13711 /* Resources */,
			);
			buildRules = (
			);
			dependencies = (
			);
			name = "SwiftUIHanda's Surprise";
			productName = "SwiftUIHanda's Surprise";
			productReference = DD53060724244DF700E13711 /* SwiftUIHanda's Surprise.app */;
			productType = "com.apple.product-type.application";
		};
/* End PBXNativeTarget section */

/* Begin PBXProject section */
		DD5305FF24244DF700E13711 /* Project object */ = {
			isa = PBXProject;
			attributes = {
				LastSwiftUpdateCheck = 1140;
				LastUpgradeCheck = 1140;
				ORGANIZATIONNAME = "Chang Sophia";
				TargetAttributes = {
					DD53060624244DF700E13711 = {
						CreatedOnToolsVersion = 11.4;
					};
				};
			};
			buildConfigurationList = DD53060224244DF700E13711 /* Build configuration list for PBXProject "SwiftUIHanda's Surprise" */;
			compatibilityVersion = "Xcode 9.3";
			developmentRegion = en;
			hasScannedForEncodings = 0;
			knownRegions = (
				en,
				Base,
			);
			mainGroup = DD5305FE24244DF700E13711;
			productRefGroup = DD53060824244DF700E13711 /* Products */;
			projectDirPath = "";
			projectRoot = "";
			targets = (
				DD53060624244DF700E13711 /* SwiftUIHanda's Surprise */,
			);
		};
/* End PBXProject section */

/* Begin PBXResourcesBuildPhase section */
		DD53060524244DF700E13711 /* Resources */ = {
			isa = PBXResourcesBuildPhase;
			buildActionMask = 2147483647;
			files = (
				DD53061724244DFB00E13711 /* LaunchScreen.storyboard in Resources */,
				DD53061424244DFB00E13711 /* Preview Assets.xcassets in Resources */,
				DD53061124244DFB00E13711 /* Assets.xcassets in Resources */,
			);
			runOnlyForDeploymentPostprocessing = 0;
		};
/* End PBXResourcesBuildPhase section */

/* Begin PBXSourcesBuildPhase section */
		DD53060324244DF700E13711 /* Sources */ = {
			isa = PBXSourcesBuildPhase;
			buildActionMask = 2147483647;
			files = (
				DD53060B24244DF700E13711 /* AppDelegate.swift in Sources */,
				DD53060D24244DF700E13711 /* SceneDelegate.swift in Sources */,
				DD53060F24244DF700E13711 /* ContentView.swift in Sources */,
			);
			runOnlyForDeploymentPostprocessing = 0;
		};
/* End PBXSourcesBuildPhase section */

/* Begin PBXVariantGroup section */
		DD53061524244DFB00E13711 /* LaunchScreen.storyboard */ = {
			isa = PBXVariantGroup;
			children = (
				DD53061624244DFB00E13711 /* Base */,
			);
			name = LaunchScreen.storyboard;
			sourceTree = "<group>";
		};
/* End PBXVariantGroup section */

/* Begin XCBuildConfiguration section */
		DD53061924244DFB00E13711 /* Debug */ = {
			isa = XCBuildConfiguration;
			buildSettings = {
				ALWAYS_SEARCH_USER_PATHS = NO;
				CLANG_ANALYZER_NONNULL = YES;
				CLANG_ANALYZER_NUMBER_OBJECT_CONVERSION = YES_AGGRESSIVE;
				CLANG_CXX_LANGUAGE_STANDARD = "gnu++14";
				CLANG_CXX_LIBRARY = "libc++";
				CLANG_ENABLE_MODULES = YES;
				CLANG_ENABLE_OBJC_ARC = YES;
				CLANG_ENABLE_OBJC_WEAK = YES;
				CLANG_WARN_BLOCK_CAPTURE_AUTORELEASING = YES;
				CLANG_WARN_BOOL_CONVERSION = YES;
				CLANG_WARN_COMMA = YES;
				CLANG_WARN_CONSTANT_CONVERSION = YES;
				CLANG_WARN_DEPRECATED_OBJC_IMPLEMENTATIONS = YES;
				CLANG_WARN_DIRECT_OBJC_ISA_USAGE = YES_ERROR;
				CLANG_WARN_DOCUMENTATION_COMMENTS = YES;
				CLANG_WARN_EMPTY_BODY = YES;
				CLANG_WARN_ENUM_CONVERSION = YES;
				CLANG_WARN_INFINITE_RECURSION = YES;
				CLANG_WARN_INT_CONVERSION = YES;
				CLANG_WARN_NON_LITERAL_NULL_CONVERSION = YES;
				CLANG_WARN_OBJC_IMPLICIT_RETAIN_SELF = YES;
				CLANG_WARN_OBJC_LITERAL_CONVERSION = YES;
				CLANG_WARN_OBJC_ROOT_CLASS = YES_ERROR;
				CLANG_WARN_RANGE_LOOP_ANALYSIS = YES;
				CLANG_WARN_STRICT_PROTOTYPES = YES;
				CLANG_WARN_SUSPICIOUS_MOVE = YES;
				CLANG_WARN_UNGUARDED_AVAILABILITY = YES_AGGRESSIVE;
				CLANG_WARN_UNREACHABLE_CODE = YES;
				CLANG_WARN__DUPLICATE_METHOD_MATCH = YES;
				COPY_PHASE_STRIP = NO;
				DEBUG_INFORMATION_FORMAT = dwarf;
				ENABLE_STRICT_OBJC_MSGSEND = YES;
				ENABLE_TESTABILITY = YES;
				GCC_C_LANGUAGE_STANDARD = gnu11;
				GCC_DYNAMIC_NO_PIC = NO;
				GCC_NO_COMMON_BLOCKS = YES;
				GCC_OPTIMIZATION_LEVEL = 0;
				GCC_PREPROCESSOR_DEFINITIONS = (
					"DEBUG=1",
					"$(inherited)",
				);
				GCC_WARN_64_TO_32_BIT_CONVERSION = YES;
				GCC_WARN_ABOUT_RETURN_TYPE = YES_ERROR;
				GCC_WARN_UNDECLARED_SELECTOR = YES;
				GCC_WARN_UNINITIALIZED_AUTOS = YES_AGGRESSIVE;
				GCC_WARN_UNUSED_FUNCTION = YES;
				GCC_WARN_UNUSED_VARIABLE = YES;
				IPHONEOS_DEPLOYMENT_TARGET = 13.4;
				MTL_ENABLE_DEBUG_INFO = INCLUDE_SOURCE;
				MTL_FAST_MATH = YES;
				ONLY_ACTIVE_ARCH = YES;
				SDKROOT = iphoneos;
				SWIFT_ACTIVE_COMPILATION_CONDITIONS = DEBUG;
				SWIFT_OPTIMIZATION_LEVEL = "-Onone";
			};
			name = Debug;
		};
		DD53061A24244DFB00E13711 /* Release */ = {
			isa = XCBuildConfiguration;
			buildSettings = {
				ALWAYS_SEARCH_USER_PATHS = NO;
				CLANG_ANALYZER_NONNULL = YES;
				CLANG_ANALYZER_NUMBER_OBJECT_CONVERSION = YES_AGGRESSIVE;
				CLANG_CXX_LANGUAGE_STANDARD = "gnu++14";
				CLANG_CXX_LIBRARY = "libc++";
				CLANG_ENABLE_MODULES = YES;
				CLANG_ENABLE_OBJC_ARC = YES;
				CLANG_ENABLE_OBJC_WEAK = YES;
				CLANG_WARN_BLOCK_CAPTURE_AUTORELEASING = YES;
				CLANG_WARN_BOOL_CONVERSION = YES;
				CLANG_WARN_COMMA = YES;
				CLANG_WARN_CONSTANT_CONVERSION = YES;
				CLANG_WARN_DEPRECATED_OBJC_IMPLEMENTATIONS = YES;
				CLANG_WARN_DIRECT_OBJC_ISA_USAGE = YES_ERROR;
				CLANG_WARN_DOCUMENTATION_COMMENTS = YES;
				CLANG_WARN_EMPTY_BODY = YES;
				CLANG_WARN_ENUM_CONVERSION = YES;
				CLANG_WARN_INFINITE_RECURSION = YES;
				CLANG_WARN_INT_CONVERSION = YES;
				CLANG_WARN_NON_LITERAL_NULL_CONVERSION = YES;
				CLANG_WARN_OBJC_IMPLICIT_RETAIN_SELF = YES;
				CLANG_WARN_OBJC_LITERAL_CONVERSION = YES;
				CLANG_WARN_OBJC_ROOT_CLASS = YES_ERROR;
				CLANG_WARN_RANGE_LOOP_ANALYSIS = YES;
				CLANG_WARN_STRICT_PROTOTYPES = YES;
				CLANG_WARN_SUSPICIOUS_MOVE = YES;
				CLANG_WARN_UNGUARDED_AVAILABILITY = YES_AGGRESSIVE;
				CLANG_WARN_UNREACHABLE_CODE = YES;
				CLANG_WARN__DUPLICATE_METHOD_MATCH = YES;
				COPY_PHASE_STRIP = NO;
				DEBUG_INFORMATION_FORMAT = "dwarf-with-dsym";
				ENABLE_NS_ASSERTIONS = NO;
				ENABLE_STRICT_OBJC_MSGSEND = YES;
				GCC_C_LANGUAGE_STANDARD = gnu11;
				GCC_NO_COMMON_BLOCKS = YES;
				GCC_WARN_64_TO_32_BIT_CONVERSION = YES;
				GCC_WARN_ABOUT_RETURN_TYPE = YES_ERROR;
				GCC_WARN_UNDECLARED_SELECTOR = YES;
				GCC_WARN_UNINITIALIZED_AUTOS = YES_AGGRESSIVE;
				GCC_WARN_UNUSED_FUNCTION = YES;
				GCC_WARN_UNUSED_VARIABLE = YES;
				IPHONEOS_DEPLOYMENT_TARGET = 13.4;
				MTL_ENABLE_DEBUG_INFO = NO;
				MTL_FAST_MATH = YES;
				SDKROOT = iphoneos;
				SWIFT_COMPILATION_MODE = wholemodule;
				SWIFT_OPTIMIZATION_LEVEL = "-O";
				VALIDATE_PRODUCT = YES;
			};
			name = Release;
		};
		DD53061C24244DFB00E13711 /* Debug */ = {
			isa = XCBuildConfiguration;
			buildSettings = {
				ASSETCATALOG_COMPILER_APPICON_NAME = AppIcon;
				CODE_SIGN_STYLE = Automatic;
				DEVELOPMENT_ASSET_PATHS = "\"SwiftUIHanda's Surprise/Preview Content\"";
				DEVELOPMENT_TEAM = 3M66U64HQ4;
				ENABLE_PREVIEWS = YES;
				INFOPLIST_FILE = "SwiftUIHanda's Surprise/Info.plist";
				LD_RUNPATH_SEARCH_PATHS = (
					"$(inherited)",
					"@executable_path/Frameworks",
				);
				PRODUCT_BUNDLE_IDENTIFIER = "com.gmb728.SwiftUIHanda-s-Surprise";
				PRODUCT_NAME = "$(TARGET_NAME)";
				SWIFT_VERSION = 5.0;
				TARGETED_DEVICE_FAMILY = "1,2";
			};
			name = Debug;
		};
		DD53061D24244DFB00E13711 /* Release */ = {
			isa = XCBuildConfiguration;
			buildSettings = {
				ASSETCATALOG_COMPILER_APPICON_NAME = AppIcon;
				CODE_SIGN_STYLE = Automatic;
				DEVELOPMENT_ASSET_PATHS = "\"SwiftUIHanda's Surprise/Preview Content\"";
				DEVELOPMENT_TEAM = 3M66U64HQ4;
				ENABLE_PREVIEWS = YES;
				INFOPLIST_FILE = "SwiftUIHanda's Surprise/Info.plist";
				LD_RUNPATH_SEARCH_PATHS = (
					"$(inherited)",
					"@executable_path/Frameworks",
				);
				PRODUCT_BUNDLE_IDENTIFIER = "com.gmb728.SwiftUIHanda-s-Surprise";
				PRODUCT_NAME = "$(TARGET_NAME)";
				SWIFT_VERSION = 5.0;
				TARGETED_DEVICE_FAMILY = "1,2";
			};
			name = Release;
		};
/* End XCBuildConfiguration section */

/* Begin XCConfigurationList section */
		DD53060224244DF700E13711 /* Build configuration list for PBXProject "SwiftUIHanda's Surprise" */ = {
			isa = XCConfigurationList;
			buildConfigurations = (
				DD53061924244DFB00E13711 /* Debug */,
				DD53061A24244DFB00E13711 /* Release */,
			);
			defaultConfigurationIsVisible = 0;
			defaultConfigurationName = Release;
		};
		DD53061B24244DFB00E13711 /* Build configuration list for PBXNativeTarget "SwiftUIHanda's Surprise" */ = {
			isa = XCConfigurationList;
			buildConfigurations = (
				DD53061C24244DFB00E13711 /* Debug */,
				DD53061D24244DFB00E13711 /* Release */,
			);
			defaultConfigurationIsVisible = 0;
			defaultConfigurationName = Release;
		};
/* End XCConfigurationList section */
	};
	rootObject = DD5305FF24244DF700E13711 /* Project object */;
}
